
Microsoft Visual Studio Solution File, Format Version 12.00
# Visual Studio Version 16
VisualStudioVersion = 16.0.30523.141
MinimumVisualStudioVersion = 10.0.40219.1
Project("{9A19103F-16F7-4668-BE54-9A1E7A4F7556}") = "pruevaConsola", "pruevaConsola\pruevaConsola.csproj", "{4FC15585-C641-49F9-ACFF-343EF3A765C2}"
EndProject
Project("{9A19103F-16F7-4668-BE54-9A1E7A4F7556}") = "Entidad", "Entidad\Entidad.csproj", "{4FF169E4-DFF2-4613-9A4F-54CA7147E6FD}"
EndProject
Project("{9A19103F-16F7-4668-BE54-9A1E7A4F7556}") = "Datos", "Datos\Datos.csproj", "{568F6D81-1A5F-43C2-95EB-0C9B0937DC25}"
EndProject
Global
	GlobalSection(SolutionConfigurationPlatforms) = preSolution
		Debug|Any CPU = Debug|Any CPU
		Release|Any CPU = Release|Any CPU
	EndGlobalSection
	GlobalSection(ProjectConfigurationPlatforms) = postSolution
		{4FC15585-C641-49F9-ACFF-343EF3A765C2}.Debug|Any CPU.ActiveCfg = Debug|Any CPU
		{4FC15585-C641-49F9-ACFF-343EF3A765C2}.Debug|Any CPU.Build.0 = Debug|Any CPU
		{4FC15585-C641-49F9-ACFF-343EF3A765C2}.Release|Any CPU.ActiveCfg = Release|Any CPU
		{4FC15585-C641-49F9-ACFF-343EF3A765C2}.Release|Any CPU.Build.0 = Release|Any CPU
		{4FF169E4-DFF2-4613-9A4F-54CA7147E6FD}.Debug|Any CPU.ActiveCfg = Debug|Any CPU
		{4FF169E4-DFF2-4613-9A4F-54CA7147E6FD}.Debug|Any CPU.Build.0 = Debug|Any CPU
		{4FF169E4-DFF2-4613-9A4F-54CA7147E6FD}.Release|Any CPU.ActiveCfg = Release|Any CPU
		{4FF169E4-DFF2-4613-9A4F-54CA7147E6FD}.Release|Any CPU.Build.0 = Release|Any CPU
		{568F6D81-1A5F-43C2-95EB-0C9B0937DC25}.Debug|Any CPU.ActiveCfg = Debug|Any CPU
		{568F6D81-1A5F-43C2-95EB-0C9B0937DC25}.Debug|Any CPU.Build.0 = Debug|Any CPU
		{568F6D81-1A5F-43C2-95EB-0C9B0937DC25}.Release|Any CPU.ActiveCfg = Release|Any CPU
		{568F6D81-1A5F-43C2-95EB-0C9B0937DC25}.Release|Any CPU.Build.0 = Release|Any CPU
	EndGlobalSection
	GlobalSection(SolutionProperties) = preSolution
		HideSolutionNode = FALSE
	EndGlobalSection
	GlobalSection(ExtensibilityGlobals) = postSolution
		SolutionGuid = {1DDDD659-A3CB-4E23-BD5C-0DFCB5F67A89}
	EndGlobalSection
EndGlobal
